
Microsoft Visual Studio Solution File, Format Version 12.00
# Visual Studio Version 17
VisualStudioVersion = 17.6.33815.320
MinimumVisualStudioVersion = 10.0.40219.1
Project("{9A19103F-16F7-4668-BE54-9A1E7A4F7556}") = "PracticeTask3", "PracticeTask3\PracticeTask3.csproj", "{956B8B46-98A2-4C28-899B-B784FDD22EAA}"
EndProject
Project("{9A19103F-16F7-4668-BE54-9A1E7A4F7556}") = "PracticeTask5", "PracticeTask5\PracticeTask5.csproj", "{ABC463D2-A04A-41FE-9D2D-025444CD4D75}"
EndProject
Global
	GlobalSection(SolutionConfigurationPlatforms) = preSolution
		Debug|Any CPU = Debug|Any CPU
		Release|Any CPU = Release|Any CPU
	EndGlobalSection
	GlobalSection(ProjectConfigurationPlatforms) = postSolution
		{956B8B46-98A2-4C28-899B-B784FDD22EAA}.Debug|Any CPU.ActiveCfg = Debug|Any CPU
		{956B8B46-98A2-4C28-899B-B784FDD22EAA}.Debug|Any CPU.Build.0 = Debug|Any CPU
		{956B8B46-98A2-4C28-899B-B784FDD22EAA}.Release|Any CPU.ActiveCfg = Release|Any CPU
		{956B8B46-98A2-4C28-899B-B784FDD22EAA}.Release|Any CPU.Build.0 = Release|Any CPU
		{ABC463D2-A04A-41FE-9D2D-025444CD4D75}.Debug|Any CPU.ActiveCfg = Debug|Any CPU
		{ABC463D2-A04A-41FE-9D2D-025444CD4D75}.Debug|Any CPU.Build.0 = Debug|Any CPU
		{ABC463D2-A04A-41FE-9D2D-025444CD4D75}.Release|Any CPU.ActiveCfg = Release|Any CPU
		{ABC463D2-A04A-41FE-9D2D-025444CD4D75}.Release|Any CPU.Build.0 = Release|Any CPU
	EndGlobalSection
	GlobalSection(SolutionProperties) = preSolution
		HideSolutionNode = FALSE
	EndGlobalSection
	GlobalSection(ExtensibilityGlobals) = postSolution
		SolutionGuid = {2B36066D-FDA8-4E8F-91B9-7CEC8BC9FC3E}
	EndGlobalSection
EndGlobal
